{
  "name": "dagu",
  "version": "0.0.0-development",
  "lockfileVersion": 3,
  "requires": true,
  "packages": {
    "": {
      "name": "dagu",
      "version": "0.0.0-development",
      "hasInstallScript": true,
      "license": "GPL-3.0",
      "dependencies": {
        "tar": "^6.1.15"
      },
      "bin": {
        "dagu": "bin/dagu"
      },
      "engines": {
        "node": ">=14.0.0"
      },
      "optionalDependencies": {
        "@dagu-org/dagu-darwin-arm64": "0.0.0-development",
        "@dagu-org/dagu-darwin-x64": "0.0.0-development",
        "@dagu-org/dagu-freebsd-x64": "0.0.0-development",
        "@dagu-org/dagu-linux-arm64": "0.0.0-development",
        "@dagu-org/dagu-linux-armv6": "0.0.0-development",
        "@dagu-org/dagu-linux-armv7": "0.0.0-development",
        "@dagu-org/dagu-linux-ia32": "0.0.0-development",
        "@dagu-org/dagu-linux-x64": "0.0.0-development",
        "@dagu-org/dagu-win32-ia32": "0.0.0-development",
        "@dagu-org/dagu-win32-x64": "0.0.0-development"
      }
    }
  }
}